// !$*UTF8*$!
{
	archiveVersion = 1;
	classes = {
	};
	objectVersion = 46;
	objects = {

/* Begin PBXBuildFile section */
		9C7F72BE1B559C3D0090E7CA /* background.jpg in Resources */ = {isa = PBXBuildFile; fileRef = 9C7F72BD1B559C3D0090E7CA /* background.jpg */; };
		9CB5038E1B547C01006FD3B9 /* main.m in Sources */ = {isa = PBXBuildFile; fileRef = 9CB5038D1B547C01006FD3B9 /* main.m */; };
		9CB503911B547C01006FD3B9 /* AppDelegate.m in Sources */ = {isa = PBXBuildFile; fileRef = 9CB503901B547C01006FD3B9 /* AppDelegate.m */; };
		9CB503971B547C01006FD3B9 /* Main.storyboard in Resources */ = {isa = PBXBuildFile; fileRef = 9CB503951B547C01006FD3B9 /* Main.storyboard */; };
		9CB503991B547C01006FD3B9 /* Images.xcassets in Resources */ = {isa = PBXBuildFile; fileRef = 9CB503981B547C01006FD3B9 /* Images.xcassets */; };
		9CB5039C1B547C01006FD3B9 /* LaunchScreen.xib in Resources */ = {isa = PBXBuildFile; fileRef = 9CB5039A1B547C01006FD3B9 /* LaunchScreen.xib */; };
		9CB503A81B547C01006FD3B9 /* ExerciseTimerTests.m in Sources */ = {isa = PBXBuildFile; fileRef = 9CB503A71B547C01006FD3B9 /* ExerciseTimerTests.m */; };
		9CB503B61B548664006FD3B9 /* ViewTimerViewController.m in Sources */ = {isa = PBXBuildFile; fileRef = 9CB503B51B548664006FD3B9 /* ViewTimerViewController.m */; };
		9CF9FCB01B5DD8A100AA749E /* SetTimerTableViewController.m in Sources */ = {isa = PBXBuildFile; fileRef = 9CF9FCAF1B5DD8A100AA749E /* SetTimerTableViewController.m */; };
		9CF9FCB21B5F0AE900AA749E /* Beep.aiff in Resources */ = {isa = PBXBuildFile; fileRef = 9CF9FCB11B5F0AE800AA749E /* Beep.aiff */; };
/* End PBXBuildFile section */

/* Begin PBXContainerItemProxy section */
		9CB503A21B547C01006FD3B9 /* PBXContainerItemProxy */ = {
			isa = PBXContainerItemProxy;
			containerPortal = 9CB503801B547C01006FD3B9 /* Project object */;
			proxyType = 1;
			remoteGlobalIDString = 9CB503871B547C01006FD3B9;
			remoteInfo = ExerciseTimer;
		};
/* End PBXContainerItemProxy section */

/* Begin PBXFileReference section */
		9C7F72BD1B559C3D0090E7CA /* background.jpg */ = {isa = PBXFileReference; lastKnownFileType = image.jpeg; name = background.jpg; path = ExerciseTimer/background.jpg; sourceTree = "<group>"; };
		9CB503881B547C01006FD3B9 /* ExerciseTimer.app */ = {isa = PBXFileReference; explicitFileType = wrapper.application; includeInIndex = 0; path = ExerciseTimer.app; sourceTree = BUILT_PRODUCTS_DIR; };
		9CB5038C1B547C01006FD3B9 /* Info.plist */ = {isa = PBXFileReference; lastKnownFileType = text.plist.xml; path = Info.plist; sourceTree = "<group>"; };
		9CB5038D1B547C01006FD3B9 /* main.m */ = {isa = PBXFileReference; lastKnownFileType = sourcecode.c.objc; path = main.m; sourceTree = "<group>"; };
		9CB5038F1B547C01006FD3B9 /* AppDelegate.h */ = {isa = PBXFileReference; lastKnownFileType = sourcecode.c.h; path = AppDelegate.h; sourceTree = "<group>"; };
		9CB503901B547C01006FD3B9 /* AppDelegate.m */ = {isa = PBXFileReference; lastKnownFileType = sourcecode.c.objc; path = AppDelegate.m; sourceTree = "<group>"; };
		9CB503961B547C01006FD3B9 /* Base */ = {isa = PBXFileReference; lastKnownFileType = file.storyboard; name = Base; path = Base.lproj/Main.storyboard; sourceTree = "<group>"; };
		9CB503981B547C01006FD3B9 /* Images.xcassets */ = {isa = PBXFileReference; lastKnownFileType = folder.assetcatalog; path = Images.xcassets; sourceTree = "<group>"; };
		9CB5039B1B547C01006FD3B9 /* Base */ = {isa = PBXFileReference; lastKnownFileType = file.xib; name = Base; path = Base.lproj/LaunchScreen.xib; sourceTree = "<group>"; };
		9CB503A11B547C01006FD3B9 /* ExerciseTimerTests.xctest */ = {isa = PBXFileReference; explicitFileType = wrapper.cfbundle; includeInIndex = 0; path = ExerciseTimerTests.xctest; sourceTree = BUILT_PRODUCTS_DIR; };
		9CB503A61B547C01006FD3B9 /* Info.plist */ = {isa = PBXFileReference; lastKnownFileType = text.plist.xml; path = Info.plist; sourceTree = "<group>"; };
		9CB503A71B547C01006FD3B9 /* ExerciseTimerTests.m */ = {isa = PBXFileReference; lastKnownFileType = sourcecode.c.objc; path = ExerciseTimerTests.m; sourceTree = "<group>"; };
		9CB503B41B548664006FD3B9 /* ViewTimerViewController.h */ = {isa = PBXFileReference; fileEncoding = 4; lastKnownFileType = sourcecode.c.h; path = ViewTimerViewController.h; sourceTree = "<group>"; };
		9CB503B51B548664006FD3B9 /* ViewTimerViewController.m */ = {isa = PBXFileReference; fileEncoding = 4; lastKnownFileType = sourcecode.c.objc; path = ViewTimerViewController.m; sourceTree = "<group>"; };
		9CF9FCAE1B5DD8A100AA749E /* SetTimerTableViewController.h */ = {isa = PBXFileReference; fileEncoding = 4; lastKnownFileType = sourcecode.c.h; path = SetTimerTableViewController.h; sourceTree = "<group>"; };
		9CF9FCAF1B5DD8A100AA749E /* SetTimerTableViewController.m */ = {isa = PBXFileReference; fileEncoding = 4; lastKnownFileType = sourcecode.c.objc; path = SetTimerTableViewController.m; sourceTree = "<group>"; };
		9CF9FCB11B5F0AE800AA749E /* Beep.aiff */ = {isa = PBXFileReference; lastKnownFileType = audio.aiff; path = Beep.aiff; sourceTree = SOURCE_ROOT; };
/* End PBXFileReference section */

/* Begin PBXFrameworksBuildPhase section */
		9CB503851B547C01006FD3B9 /* Frameworks */ = {
			isa = PBXFrameworksBuildPhase;
			buildActionMask = 2147483647;
			files = (
			);
			runOnlyForDeploymentPostprocessing = 0;
		};
		9CB5039E1B547C01006FD3B9 /* Frameworks */ = {
			isa = PBXFrameworksBuildPhase;
			buildActionMask = 2147483647;
			files = (
			);
			runOnlyForDeploymentPostprocessing = 0;
		};
/* End PBXFrameworksBuildPhase section */

/* Begin PBXGroup section */
		9CB5037F1B547C01006FD3B9 = {
			isa = PBXGroup;
			children = (
				9C7F72BD1B559C3D0090E7CA /* background.jpg */,
				9CB5038A1B547C01006FD3B9 /* ExerciseTimer */,
				9CB503A41B547C01006FD3B9 /* ExerciseTimerTests */,
				9CB503891B547C01006FD3B9 /* Products */,
			);
			sourceTree = "<group>";
		};
		9CB503891B547C01006FD3B9 /* Products */ = {
			isa = PBXGroup;
			children = (
				9CB503881B547C01006FD3B9 /* ExerciseTimer.app */,
				9CB503A11B547C01006FD3B9 /* ExerciseTimerTests.xctest */,
			);
			name = Products;
			sourceTree = "<group>";
		};
		9CB5038A1B547C01006FD3B9 /* ExerciseTimer */ = {
			isa = PBXGroup;
			children = (
				9CB5038F1B547C01006FD3B9 /* AppDelegate.h */,
				9CB503901B547C01006FD3B9 /* AppDelegate.m */,
				9CB503951B547C01006FD3B9 /* Main.storyboard */,
				9CB503981B547C01006FD3B9 /* Images.xcassets */,
				9CB5039A1B547C01006FD3B9 /* LaunchScreen.xib */,
				9CB5038B1B547C01006FD3B9 /* Supporting Files */,
				9CB503B41B548664006FD3B9 /* ViewTimerViewController.h */,
				9CB503B51B548664006FD3B9 /* ViewTimerViewController.m */,
				9CF9FCAE1B5DD8A100AA749E /* SetTimerTableViewController.h */,
				9CF9FCAF1B5DD8A100AA749E /* SetTimerTableViewController.m */,
				9CF9FCB11B5F0AE800AA749E /* Beep.aiff */,
			);
			path = ExerciseTimer;
			sourceTree = "<group>";
		};
		9CB5038B1B547C01006FD3B9 /* Supporting Files */ = {
			isa = PBXGroup;
			children = (
				9CB5038C1B547C01006FD3B9 /* Info.plist */,
				9CB5038D1B547C01006FD3B9 /* main.m */,
			);
			name = "Supporting Files";
			sourceTree = "<group>";
		};
		9CB503A41B547C01006FD3B9 /* ExerciseTimerTests */ = {
			isa = PBXGroup;
			children = (
				9CB503A71B547C01006FD3B9 /* ExerciseTimerTests.m */,
				9CB503A51B547C01006FD3B9 /* Supporting Files */,
			);
			path = ExerciseTimerTests;
			sourceTree = "<group>";
		};
		9CB503A51B547C01006FD3B9 /* Supporting Files */ = {
			isa = PBXGroup;
			children = (
				9CB503A61B547C01006FD3B9 /* Info.plist */,
			);
			name = "Supporting Files";
			sourceTree = "<group>";
		};
/* End PBXGroup section */

/* Begin PBXNativeTarget section */
		9CB503871B547C01006FD3B9 /* ExerciseTimer */ = {
			isa = PBXNativeTarget;
			buildConfigurationList = 9CB503AB1B547C01006FD3B9 /* Build configuration list for PBXNativeTarget "ExerciseTimer" */;
			buildPhases = (
				9CB503841B547C01006FD3B9 /* Sources */,
				9CB503851B547C01006FD3B9 /* Frameworks */,
				9CB503861B547C01006FD3B9 /* Resources */,
			);
			buildRules = (
			);
			dependencies = (
			);
			name = ExerciseTimer;
			productName = ExerciseTimer;
			productReference = 9CB503881B547C01006FD3B9 /* ExerciseTimer.app */;
			productType = "com.apple.product-type.application";
		};
		9CB503A01B547C01006FD3B9 /* ExerciseTimerTests */ = {
			isa = PBXNativeTarget;
			buildConfigurationList = 9CB503AE1B547C01006FD3B9 /* Build configuration list for PBXNativeTarget "ExerciseTimerTests" */;
			buildPhases = (
				9CB5039D1B547C01006FD3B9 /* Sources */,
				9CB5039E1B547C01006FD3B9 /* Frameworks */,
				9CB5039F1B547C01006FD3B9 /* Resources */,
			);
			buildRules = (
			);
			dependencies = (
				9CB503A31B547C01006FD3B9 /* PBXTargetDependency */,
			);
			name = ExerciseTimerTests;
			productName = ExerciseTimerTests;
			productReference = 9CB503A11B547C01006FD3B9 /* ExerciseTimerTests.xctest */;
			productType = "com.apple.product-type.bundle.unit-test";
		};
/* End PBXNativeTarget section */

/* Begin PBXProject section */
		9CB503801B547C01006FD3B9 /* Project object */ = {
			isa = PBXProject;
			attributes = {
				LastUpgradeCheck = 0640;
				ORGANIZATIONNAME = "Art Mostofi";
				TargetAttributes = {
					9CB503871B547C01006FD3B9 = {
						CreatedOnToolsVersion = 6.4;
					};
					9CB503A01B547C01006FD3B9 = {
						CreatedOnToolsVersion = 6.4;
						TestTargetID = 9CB503871B547C01006FD3B9;
					};
				};
			};
			buildConfigurationList = 9CB503831B547C01006FD3B9 /* Build configuration list for PBXProject "ExerciseTimer" */;
			compatibilityVersion = "Xcode 3.2";
			developmentRegion = English;
			hasScannedForEncodings = 0;
			knownRegions = (
				en,
				Base,
			);
			mainGroup = 9CB5037F1B547C01006FD3B9;
			productRefGroup = 9CB503891B547C01006FD3B9 /* Products */;
			projectDirPath = "";
			projectRoot = "";
			targets = (
				9CB503871B547C01006FD3B9 /* ExerciseTimer */,
				9CB503A01B547C01006FD3B9 /* ExerciseTimerTests */,
			);
		};
/* End PBXProject section */

/* Begin PBXResourcesBuildPhase section */
		9CB503861B547C01006FD3B9 /* Resources */ = {
			isa = PBXResourcesBuildPhase;
			buildActionMask = 2147483647;
			files = (
				9CB503971B547C01006FD3B9 /* Main.storyboard in Resources */,
				9C7F72BE1B559C3D0090E7CA /* background.jpg in Resources */,
				9CB5039C1B547C01006FD3B9 /* LaunchScreen.xib in Resources */,
				9CF9FCB21B5F0AE900AA749E /* Beep.aiff in Resources */,
				9CB503991B547C01006FD3B9 /* Images.xcassets in Resources */,
			);
			runOnlyForDeploymentPostprocessing = 0;
		};
		9CB5039F1B547C01006FD3B9 /* Resources */ = {
			isa = PBXResourcesBuildPhase;
			buildActionMask = 2147483647;
			files = (
			);
			runOnlyForDeploymentPostprocessing = 0;
		};
/* End PBXResourcesBuildPhase section */

/* Begin PBXSourcesBuildPhase section */
		9CB503841B547C01006FD3B9 /* Sources */ = {
			isa = PBXSourcesBuildPhase;
			buildActionMask = 2147483647;
			files = (
				9CB503911B547C01006FD3B9 /* AppDelegate.m in Sources */,
				9CB503B61B548664006FD3B9 /* ViewTimerViewController.m in Sources */,
				9CB5038E1B547C01006FD3B9 /* main.m in Sources */,
				9CF9FCB01B5DD8A100AA749E /* SetTimerTableViewController.m in Sources */,
			);
			runOnlyForDeploymentPostprocessing = 0;
		};
		9CB5039D1B547C01006FD3B9 /* Sources */ = {
			isa = PBXSourcesBuildPhase;
			buildActionMask = 2147483647;
			files = (
				9CB503A81B547C01006FD3B9 /* ExerciseTimerTests.m in Sources */,
			);
			runOnlyForDeploymentPostprocessing = 0;
		};
/* End PBXSourcesBuildPhase section */

/* Begin PBXTargetDependency section */
		9CB503A31B547C01006FD3B9 /* PBXTargetDependency */ = {
			isa = PBXTargetDependency;
			target = 9CB503871B547C01006FD3B9 /* ExerciseTimer */;
			targetProxy = 9CB503A21B547C01006FD3B9 /* PBXContainerItemProxy */;
		};
/* End PBXTargetDependency section */

/* Begin PBXVariantGroup section */
		9CB503951B547C01006FD3B9 /* Main.storyboard */ = {
			isa = PBXVariantGroup;
			children = (
				9CB503961B547C01006FD3B9 /* Base */,
			);
			name = Main.storyboard;
			sourceTree = "<group>";
		};
		9CB5039A1B547C01006FD3B9 /* LaunchScreen.xib */ = {
			isa = PBXVariantGroup;
			children = (
				9CB5039B1B547C01006FD3B9 /* Base */,
			);
			name = LaunchScreen.xib;
			sourceTree = "<group>";
		};
/* End PBXVariantGroup section */

/* Begin XCBuildConfiguration section */
		9CB503A91B547C01006FD3B9 /* Debug */ = {
			isa = XCBuildConfiguration;
			buildSettings = {
				ALWAYS_SEARCH_USER_PATHS = NO;
				CLANG_CXX_LANGUAGE_STANDARD = "gnu++0x";
				CLANG_CXX_LIBRARY = "libc++";
				CLANG_ENABLE_MODULES = YES;
				CLANG_ENABLE_OBJC_ARC = YES;
				CLANG_WARN_BOOL_CONVERSION = YES;
				CLANG_WARN_CONSTANT_CONVERSION = YES;
				CLANG_WARN_DIRECT_OBJC_ISA_USAGE = YES_ERROR;
				CLANG_WARN_EMPTY_BODY = YES;
				CLANG_WARN_ENUM_CONVERSION = YES;
				CLANG_WARN_INT_CONVERSION = YES;
				CLANG_WARN_OBJC_ROOT_CLASS = YES_ERROR;
				CLANG_WARN_UNREACHABLE_CODE = YES;
				CLANG_WARN__DUPLICATE_METHOD_MATCH = YES;
				"CODE_SIGN_IDENTITY[sdk=iphoneos*]" = "iPhone Developer";
				COPY_PHASE_STRIP = NO;
				DEBUG_INFORMATION_FORMAT = "dwarf-with-dsym";
				ENABLE_STRICT_OBJC_MSGSEND = YES;
				GCC_C_LANGUAGE_STANDARD = gnu99;
				GCC_DYNAMIC_NO_PIC = NO;
				GCC_NO_COMMON_BLOCKS = YES;
				GCC_OPTIMIZATION_LEVEL = 0;
				GCC_PREPROCESSOR_DEFINITIONS = (
					"DEBUG=1",
					"$(inherited)",
				);
				GCC_SYMBOLS_PRIVATE_EXTERN = NO;
				GCC_WARN_64_TO_32_BIT_CONVERSION = YES;
				GCC_WARN_ABOUT_RETURN_TYPE = YES_ERROR;
				GCC_WARN_UNDECLARED_SELECTOR = YES;
				GCC_WARN_UNINITIALIZED_AUTOS = YES_AGGRESSIVE;
				GCC_WARN_UNUSED_FUNCTION = YES;
				GCC_WARN_UNUSED_VARIABLE = YES;
				IPHONEOS_DEPLOYMENT_TARGET = 8.4;
				MTL_ENABLE_DEBUG_INFO = YES;
				ONLY_ACTIVE_ARCH = YES;
				SDKROOT = iphoneos;
			};
			name = Debug;
		};
		9CB503AA1B547C01006FD3B9 /* Release */ = {
			isa = XCBuildConfiguration;
			buildSettings = {
				ALWAYS_SEARCH_USER_PATHS = NO;
				CLANG_CXX_LANGUAGE_STANDARD = "gnu++0x";
				CLANG_CXX_LIBRARY = "libc++";
				CLANG_ENABLE_MODULES = YES;
				CLANG_ENABLE_OBJC_ARC = YES;
				CLANG_WARN_BOOL_CONVERSION = YES;
				CLANG_WARN_CONSTANT_CONVERSION = YES;
				CLANG_WARN_DIRECT_OBJC_ISA_USAGE = YES_ERROR;
				CLANG_WARN_EMPTY_BODY = YES;
				CLANG_WARN_ENUM_CONVERSION = YES;
				CLANG_WARN_INT_CONVERSION = YES;
				CLANG_WARN_OBJC_ROOT_CLASS = YES_ERROR;
				CLANG_WARN_UNREACHABLE_CODE = YES;
				CLANG_WARN__DUPLICATE_METHOD_MATCH = YES;
				"CODE_SIGN_IDENTITY[sdk=iphoneos*]" = "iPhone Developer";
				COPY_PHASE_STRIP = NO;
				DEBUG_INFORMATION_FORMAT = "dwarf-with-dsym";
				ENABLE_NS_ASSERTIONS = NO;
				ENABLE_STRICT_OBJC_MSGSEND = YES;
				GCC_C_LANGUAGE_STANDARD = gnu99;
				GCC_NO_COMMON_BLOCKS = YES;
				GCC_WARN_64_TO_32_BIT_CONVERSION = YES;
				GCC_WARN_ABOUT_RETURN_TYPE = YES_ERROR;
				GCC_WARN_UNDECLARED_SELECTOR = YES;
				GCC_WARN_UNINITIALIZED_AUTOS = YES_AGGRESSIVE;
				GCC_WARN_UNUSED_FUNCTION = YES;
				GCC_WARN_UNUSED_VARIABLE = YES;
				IPHONEOS_DEPLOYMENT_TARGET = 8.4;
				MTL_ENABLE_DEBUG_INFO = NO;
				SDKROOT = iphoneos;
				VALIDATE_PRODUCT = YES;
			};
			name = Release;
		};
		9CB503AC1B547C01006FD3B9 /* Debug */ = {
			isa = XCBuildConfiguration;
			buildSettings = {
				ASSETCATALOG_COMPILER_APPICON_NAME = AppIcon;
				INFOPLIST_FILE = ExerciseTimer/Info.plist;
				LD_RUNPATH_SEARCH_PATHS = "$(inherited) @executable_path/Frameworks";
				PRODUCT_NAME = "$(TARGET_NAME)";
			};
			name = Debug;
		};
		9CB503AD1B547C01006FD3B9 /* Release */ = {
			isa = XCBuildConfiguration;
			buildSettings = {
				ASSETCATALOG_COMPILER_APPICON_NAME = AppIcon;
				INFOPLIST_FILE = ExerciseTimer/Info.plist;
				LD_RUNPATH_SEARCH_PATHS = "$(inherited) @executable_path/Frameworks";
				PRODUCT_NAME = "$(TARGET_NAME)";
			};
			name = Release;
		};
		9CB503AF1B547C01006FD3B9 /* Debug */ = {
			isa = XCBuildConfiguration;
			buildSettings = {
				BUNDLE_LOADER = "$(TEST_HOST)";
				FRAMEWORK_SEARCH_PATHS = (
					"$(SDKROOT)/Developer/Library/Frameworks",
					"$(inherited)",
				);
				GCC_PREPROCESSOR_DEFINITIONS = (
					"DEBUG=1",
					"$(inherited)",
				);
				INFOPLIST_FILE = ExerciseTimerTests/Info.plist;
				LD_RUNPATH_SEARCH_PATHS = "$(inherited) @executable_path/Frameworks @loader_path/Frameworks";
				PRODUCT_NAME = "$(TARGET_NAME)";
				TEST_HOST = "$(BUILT_PRODUCTS_DIR)/ExerciseTimer.app/ExerciseTimer";
			};
			name = Debug;
		};
		9CB503B01B547C01006FD3B9 /* Release */ = {
			isa = XCBuildConfiguration;
			buildSettings = {
				BUNDLE_LOADER = "$(TEST_HOST)";
				FRAMEWORK_SEARCH_PATHS = (
					"$(SDKROOT)/Developer/Library/Frameworks",
					"$(inherited)",
				);
				INFOPLIST_FILE = ExerciseTimerTests/Info.plist;
				LD_RUNPATH_SEARCH_PATHS = "$(inherited) @executable_path/Frameworks @loader_path/Frameworks";
				PRODUCT_NAME = "$(TARGET_NAME)";
				TEST_HOST = "$(BUILT_PRODUCTS_DIR)/ExerciseTimer.app/ExerciseTimer";
			};
			name = Release;
		};
/* End XCBuildConfiguration section */

/* Begin XCConfigurationList section */
		9CB503831B547C01006FD3B9 /* Build configuration list for PBXProject "ExerciseTimer" */ = {
			isa = XCConfigurationList;
			buildConfigurations = (
				9CB503A91B547C01006FD3B9 /* Debug */,
				9CB503AA1B547C01006FD3B9 /* Release */,
			);
			defaultConfigurationIsVisible = 0;
			defaultConfigurationName = Release;
		};
		9CB503AB1B547C01006FD3B9 /* Build configuration list for PBXNativeTarget "ExerciseTimer" */ = {
			isa = XCConfigurationList;
			buildConfigurations = (
				9CB503AC1B547C01006FD3B9 /* Debug */,
				9CB503AD1B547C01006FD3B9 /* Release */,
			);
			defaultConfigurationIsVisible = 0;
			defaultConfigurationName = Release;
		};
		9CB503AE1B547C01006FD3B9 /* Build configuration list for PBXNativeTarget "ExerciseTimerTests" */ = {
			isa = XCConfigurationList;
			buildConfigurations = (
				9CB503AF1B547C01006FD3B9 /* Debug */,
				9CB503B01B547C01006FD3B9 /* Release */,
			);
			defaultConfigurationIsVisible = 0;
			defaultConfigurationName = Release;
		};
/* End XCConfigurationList section */
	};
	rootObject = 9CB503801B547C01006FD3B9 /* Project object */;
}
